
Microsoft Visual Studio Solution File, Format Version 12.00
# Visual Studio Version 16
VisualStudioVersion = 25.0.1704.0
MinimumVisualStudioVersion = 10.0.40219.1
Project("{FAE04EC0-301F-11D3-BF4B-00C04F79EFBC}") = "homework54", "homework54\homework54.csproj", "{547A8DB4-7797-4D4C-AF55-C47F967C0AA2}"
EndProject
Global
	GlobalSection(SolutionConfigurationPlatforms) = preSolution
		Debug|Any CPU = Debug|Any CPU
		Release|Any CPU = Release|Any CPU
	EndGlobalSection
	GlobalSection(ProjectConfigurationPlatforms) = postSolution
		{547A8DB4-7797-4D4C-AF55-C47F967C0AA2}.Debug|Any CPU.ActiveCfg = Debug|Any CPU
		{547A8DB4-7797-4D4C-AF55-C47F967C0AA2}.Debug|Any CPU.Build.0 = Debug|Any CPU
		{547A8DB4-7797-4D4C-AF55-C47F967C0AA2}.Release|Any CPU.ActiveCfg = Release|Any CPU
		{547A8DB4-7797-4D4C-AF55-C47F967C0AA2}.Release|Any CPU.Build.0 = Release|Any CPU
	EndGlobalSection
	GlobalSection(SolutionProperties) = preSolution
		HideSolutionNode = FALSE
	EndGlobalSection
	GlobalSection(ExtensibilityGlobals) = postSolution
		SolutionGuid = {8F9CEFF7-8732-4C4A-B409-F06ABCD43EA4}
	EndGlobalSection
EndGlobal
